
Microsoft Visual Studio Solution File, Format Version 12.00
# Visual Studio Version 17
VisualStudioVersion = 17.2.32802.462
MinimumVisualStudioVersion = 10.0.40219.1
Project("{FAE04EC0-301F-11D3-BF4B-00C04F79EFBC}") = "ZH3_forms", "ZH3_forms\ZH3_forms.csproj", "{C345B707-4783-4FB0-8091-2DC6DE99F95A}"
EndProject
Project("{9A19103F-16F7-4668-BE54-9A1E7A4F7556}") = "ZH3_ASP", "..\ZH3_ASP\ZH3_ASP\ZH3_ASP.csproj", "{1403CC6A-8D07-4EA2-9416-BAEEAA259DC0}"
EndProject
Global
	GlobalSection(SolutionConfigurationPlatforms) = preSolution
		Debug|Any CPU = Debug|Any CPU
		Release|Any CPU = Release|Any CPU
	EndGlobalSection
	GlobalSection(ProjectConfigurationPlatforms) = postSolution
		{C345B707-4783-4FB0-8091-2DC6DE99F95A}.Debug|Any CPU.ActiveCfg = Debug|Any CPU
		{C345B707-4783-4FB0-8091-2DC6DE99F95A}.Debug|Any CPU.Build.0 = Debug|Any CPU
		{C345B707-4783-4FB0-8091-2DC6DE99F95A}.Release|Any CPU.ActiveCfg = Release|Any CPU
		{C345B707-4783-4FB0-8091-2DC6DE99F95A}.Release|Any CPU.Build.0 = Release|Any CPU
		{1403CC6A-8D07-4EA2-9416-BAEEAA259DC0}.Debug|Any CPU.ActiveCfg = Debug|Any CPU
		{1403CC6A-8D07-4EA2-9416-BAEEAA259DC0}.Debug|Any CPU.Build.0 = Debug|Any CPU
		{1403CC6A-8D07-4EA2-9416-BAEEAA259DC0}.Release|Any CPU.ActiveCfg = Release|Any CPU
		{1403CC6A-8D07-4EA2-9416-BAEEAA259DC0}.Release|Any CPU.Build.0 = Release|Any CPU
	EndGlobalSection
	GlobalSection(SolutionProperties) = preSolution
		HideSolutionNode = FALSE
	EndGlobalSection
	GlobalSection(ExtensibilityGlobals) = postSolution
		SolutionGuid = {C4169078-61D5-4542-AB82-CB1E18F3A27B}
	EndGlobalSection
EndGlobal
